
Microsoft Visual Studio Solution File, Format Version 12.00
# Visual Studio 15
VisualStudioVersion = 15.0.26730.3
MinimumVisualStudioVersion = 10.0.40219.1
Project("{FAE04EC0-301F-11D3-BF4B-00C04F79EFBC}") = "CsvGenerator", "CsvGenerator\CsvGenerator.csproj", "{6328DB23-0D71-483F-AD2A-2AFFC1F80351}"
EndProject
Global
	GlobalSection(SolutionConfigurationPlatforms) = preSolution
		Debug|Any CPU = Debug|Any CPU
		Release|Any CPU = Release|Any CPU
	EndGlobalSection
	GlobalSection(ProjectConfigurationPlatforms) = postSolution
		{6328DB23-0D71-483F-AD2A-2AFFC1F80351}.Debug|Any CPU.ActiveCfg = Debug|Any CPU
		{6328DB23-0D71-483F-AD2A-2AFFC1F80351}.Debug|Any CPU.Build.0 = Debug|Any CPU
		{6328DB23-0D71-483F-AD2A-2AFFC1F80351}.Release|Any CPU.ActiveCfg = Release|Any CPU
		{6328DB23-0D71-483F-AD2A-2AFFC1F80351}.Release|Any CPU.Build.0 = Release|Any CPU
	EndGlobalSection
	GlobalSection(SolutionProperties) = preSolution
		HideSolutionNode = FALSE
	EndGlobalSection
	GlobalSection(ExtensibilityGlobals) = postSolution
		SolutionGuid = {EC5D1C73-DEE8-42ED-B84E-0C38C2D5C6B8}
	EndGlobalSection
EndGlobal
